// !$*UTF8*$!
{
	archiveVersion = 1;
	classes = {
	};
	objectVersion = 48;
	objects = {

/* Begin PBXBuildFile section */
		817C22801FBB999B0073E87D /* AppDelegate.swift in Sources */ = {isa = PBXBuildFile; fileRef = 817C227F1FBB999B0073E87D /* AppDelegate.swift */; };
		817C22851FBB999B0073E87D /* Main.storyboard in Resources */ = {isa = PBXBuildFile; fileRef = 817C22831FBB999B0073E87D /* Main.storyboard */; };
		817C22871FBB999B0073E87D /* Assets.xcassets in Resources */ = {isa = PBXBuildFile; fileRef = 817C22861FBB999B0073E87D /* Assets.xcassets */; };
		817C228A1FBB999B0073E87D /* LaunchScreen.storyboard in Resources */ = {isa = PBXBuildFile; fileRef = 817C22881FBB999B0073E87D /* LaunchScreen.storyboard */; };
		817C22951FBB999B0073E87D /* ParsingJSONExercisesTests.swift in Sources */ = {isa = PBXBuildFile; fileRef = 817C22941FBB999B0073E87D /* ParsingJSONExercisesTests.swift */; };
		817C22A01FBB999B0073E87D /* ParsingJSONExercisesUITests.swift in Sources */ = {isa = PBXBuildFile; fileRef = 817C229F1FBB999B0073E87D /* ParsingJSONExercisesUITests.swift */; };
		817C22B51FBB9A690073E87D /* news.json in Resources */ = {isa = PBXBuildFile; fileRef = 817C22B41FBB9A690073E87D /* news.json */; };
		817C22B71FBB9A8A0073E87D /* icefire.json in Resources */ = {isa = PBXBuildFile; fileRef = 817C22B61FBB9A8A0073E87D /* icefire.json */; };
		817C22B91FBB9ACE0073E87D /* billboard.json in Resources */ = {isa = PBXBuildFile; fileRef = 817C22B81FBB9ACE0073E87D /* billboard.json */; };
		817C22BD1FBB9B320073E87D /* BillboardViewController.swift in Sources */ = {isa = PBXBuildFile; fileRef = 817C22BC1FBB9B320073E87D /* BillboardViewController.swift */; };
		817C22BF1FBB9B410073E87D /* IceFireViewController.swift in Sources */ = {isa = PBXBuildFile; fileRef = 817C22BE1FBB9B410073E87D /* IceFireViewController.swift */; };
		817C22C11FBB9B4D0073E87D /* NewsViewController.swift in Sources */ = {isa = PBXBuildFile; fileRef = 817C22C01FBB9B4D0073E87D /* NewsViewController.swift */; };
		817C22C31FBB9D4A0073E87D /* Billboard.swift in Sources */ = {isa = PBXBuildFile; fileRef = 817C22C21FBB9D4A0073E87D /* Billboard.swift */; };
/* End PBXBuildFile section */

/* Begin PBXContainerItemProxy section */
		817C22911FBB999B0073E87D /* PBXContainerItemProxy */ = {
			isa = PBXContainerItemProxy;
			containerPortal = 817C22741FBB999B0073E87D /* Project object */;
			proxyType = 1;
			remoteGlobalIDString = 817C227B1FBB999B0073E87D;
			remoteInfo = ParsingJSONExercises;
		};
		817C229C1FBB999B0073E87D /* PBXContainerItemProxy */ = {
			isa = PBXContainerItemProxy;
			containerPortal = 817C22741FBB999B0073E87D /* Project object */;
			proxyType = 1;
			remoteGlobalIDString = 817C227B1FBB999B0073E87D;
			remoteInfo = ParsingJSONExercises;
		};
/* End PBXContainerItemProxy section */

/* Begin PBXFileReference section */
		817C227C1FBB999B0073E87D /* ParsingJSONExercises.app */ = {isa = PBXFileReference; explicitFileType = wrapper.application; includeInIndex = 0; path = ParsingJSONExercises.app; sourceTree = BUILT_PRODUCTS_DIR; };
		817C227F1FBB999B0073E87D /* AppDelegate.swift */ = {isa = PBXFileReference; lastKnownFileType = sourcecode.swift; path = AppDelegate.swift; sourceTree = "<group>"; };
		817C22841FBB999B0073E87D /* Base */ = {isa = PBXFileReference; lastKnownFileType = file.storyboard; name = Base; path = Base.lproj/Main.storyboard; sourceTree = "<group>"; };
		817C22861FBB999B0073E87D /* Assets.xcassets */ = {isa = PBXFileReference; lastKnownFileType = folder.assetcatalog; path = Assets.xcassets; sourceTree = "<group>"; };
		817C22891FBB999B0073E87D /* Base */ = {isa = PBXFileReference; lastKnownFileType = file.storyboard; name = Base; path = Base.lproj/LaunchScreen.storyboard; sourceTree = "<group>"; };
		817C228B1FBB999B0073E87D /* Info.plist */ = {isa = PBXFileReference; lastKnownFileType = text.plist.xml; path = Info.plist; sourceTree = "<group>"; };
		817C22901FBB999B0073E87D /* ParsingJSONExercisesTests.xctest */ = {isa = PBXFileReference; explicitFileType = wrapper.cfbundle; includeInIndex = 0; path = ParsingJSONExercisesTests.xctest; sourceTree = BUILT_PRODUCTS_DIR; };
		817C22941FBB999B0073E87D /* ParsingJSONExercisesTests.swift */ = {isa = PBXFileReference; lastKnownFileType = sourcecode.swift; path = ParsingJSONExercisesTests.swift; sourceTree = "<group>"; };
		817C22961FBB999B0073E87D /* Info.plist */ = {isa = PBXFileReference; lastKnownFileType = text.plist.xml; path = Info.plist; sourceTree = "<group>"; };
		817C229B1FBB999B0073E87D /* ParsingJSONExercisesUITests.xctest */ = {isa = PBXFileReference; explicitFileType = wrapper.cfbundle; includeInIndex = 0; path = ParsingJSONExercisesUITests.xctest; sourceTree = BUILT_PRODUCTS_DIR; };
		817C229F1FBB999B0073E87D /* ParsingJSONExercisesUITests.swift */ = {isa = PBXFileReference; lastKnownFileType = sourcecode.swift; path = ParsingJSONExercisesUITests.swift; sourceTree = "<group>"; };
		817C22A11FBB999B0073E87D /* Info.plist */ = {isa = PBXFileReference; lastKnownFileType = text.plist.xml; path = Info.plist; sourceTree = "<group>"; };
		817C22B41FBB9A690073E87D /* news.json */ = {isa = PBXFileReference; lastKnownFileType = text.json; path = news.json; sourceTree = "<group>"; };
		817C22B61FBB9A8A0073E87D /* icefire.json */ = {isa = PBXFileReference; lastKnownFileType = text.json; path = icefire.json; sourceTree = "<group>"; };
		817C22B81FBB9ACE0073E87D /* billboard.json */ = {isa = PBXFileReference; lastKnownFileType = text.json; path = billboard.json; sourceTree = "<group>"; };
		817C22BC1FBB9B320073E87D /* BillboardViewController.swift */ = {isa = PBXFileReference; lastKnownFileType = sourcecode.swift; path = BillboardViewController.swift; sourceTree = "<group>"; };
		817C22BE1FBB9B410073E87D /* IceFireViewController.swift */ = {isa = PBXFileReference; lastKnownFileType = sourcecode.swift; path = IceFireViewController.swift; sourceTree = "<group>"; };
		817C22C01FBB9B4D0073E87D /* NewsViewController.swift */ = {isa = PBXFileReference; lastKnownFileType = sourcecode.swift; path = NewsViewController.swift; sourceTree = "<group>"; };
		817C22C21FBB9D4A0073E87D /* Billboard.swift */ = {isa = PBXFileReference; lastKnownFileType = sourcecode.swift; path = Billboard.swift; sourceTree = "<group>"; };
/* End PBXFileReference section */

/* Begin PBXFrameworksBuildPhase section */
		817C22791FBB999B0073E87D /* Frameworks */ = {
			isa = PBXFrameworksBuildPhase;
			buildActionMask = 2147483647;
			files = (
			);
			runOnlyForDeploymentPostprocessing = 0;
		};
		817C228D1FBB999B0073E87D /* Frameworks */ = {
			isa = PBXFrameworksBuildPhase;
			buildActionMask = 2147483647;
			files = (
			);
			runOnlyForDeploymentPostprocessing = 0;
		};
		817C22981FBB999B0073E87D /* Frameworks */ = {
			isa = PBXFrameworksBuildPhase;
			buildActionMask = 2147483647;
			files = (
			);
			runOnlyForDeploymentPostprocessing = 0;
		};
/* End PBXFrameworksBuildPhase section */

/* Begin PBXGroup section */
		817C22731FBB999B0073E87D = {
			isa = PBXGroup;
			children = (
				817C22B81FBB9ACE0073E87D /* billboard.json */,
				817C22B61FBB9A8A0073E87D /* icefire.json */,
				817C22B41FBB9A690073E87D /* news.json */,
				817C227E1FBB999B0073E87D /* ParsingJSONExercises */,
				817C22931FBB999B0073E87D /* ParsingJSONExercisesTests */,
				817C229E1FBB999B0073E87D /* ParsingJSONExercisesUITests */,
				817C227D1FBB999B0073E87D /* Products */,
			);
			sourceTree = "<group>";
		};
		817C227D1FBB999B0073E87D /* Products */ = {
			isa = PBXGroup;
			children = (
				817C227C1FBB999B0073E87D /* ParsingJSONExercises.app */,
				817C22901FBB999B0073E87D /* ParsingJSONExercisesTests.xctest */,
				817C229B1FBB999B0073E87D /* ParsingJSONExercisesUITests.xctest */,
			);
			name = Products;
			sourceTree = "<group>";
		};
		817C227E1FBB999B0073E87D /* ParsingJSONExercises */ = {
			isa = PBXGroup;
			children = (
				817C22831FBB999B0073E87D /* Main.storyboard */,
				817C22BB1FBB9AF80073E87D /* View Controllers */,
				817C22BA1FBB9AEE0073E87D /* Model */,
				817C22AD1FBB99A80073E87D /* Supported Files */,
				817C22861FBB999B0073E87D /* Assets.xcassets */,
				817C228B1FBB999B0073E87D /* Info.plist */,
			);
			path = ParsingJSONExercises;
			sourceTree = "<group>";
		};
		817C22931FBB999B0073E87D /* ParsingJSONExercisesTests */ = {
			isa = PBXGroup;
			children = (
				817C22941FBB999B0073E87D /* ParsingJSONExercisesTests.swift */,
				817C22961FBB999B0073E87D /* Info.plist */,
			);
			path = ParsingJSONExercisesTests;
			sourceTree = "<group>";
		};
		817C229E1FBB999B0073E87D /* ParsingJSONExercisesUITests */ = {
			isa = PBXGroup;
			children = (
				817C229F1FBB999B0073E87D /* ParsingJSONExercisesUITests.swift */,
				817C22A11FBB999B0073E87D /* Info.plist */,
			);
			path = ParsingJSONExercisesUITests;
			sourceTree = "<group>";
		};
		817C22AD1FBB99A80073E87D /* Supported Files */ = {
			isa = PBXGroup;
			children = (
				817C227F1FBB999B0073E87D /* AppDelegate.swift */,
				817C22881FBB999B0073E87D /* LaunchScreen.storyboard */,
			);
			path = "Supported Files";
			sourceTree = "<group>";
		};
		817C22BA1FBB9AEE0073E87D /* Model */ = {
			isa = PBXGroup;
			children = (
				817C22C21FBB9D4A0073E87D /* Billboard.swift */,
			);
			path = Model;
			sourceTree = "<group>";
		};
		817C22BB1FBB9AF80073E87D /* View Controllers */ = {
			isa = PBXGroup;
			children = (
				817C22BC1FBB9B320073E87D /* BillboardViewController.swift */,
				817C22BE1FBB9B410073E87D /* IceFireViewController.swift */,
				817C22C01FBB9B4D0073E87D /* NewsViewController.swift */,
			);
			path = "View Controllers";
			sourceTree = "<group>";
		};
/* End PBXGroup section */

/* Begin PBXNativeTarget section */
		817C227B1FBB999B0073E87D /* ParsingJSONExercises */ = {
			isa = PBXNativeTarget;
			buildConfigurationList = 817C22A41FBB999B0073E87D /* Build configuration list for PBXNativeTarget "ParsingJSONExercises" */;
			buildPhases = (
				817C22781FBB999B0073E87D /* Sources */,
				817C22791FBB999B0073E87D /* Frameworks */,
				817C227A1FBB999B0073E87D /* Resources */,
			);
			buildRules = (
			);
			dependencies = (
			);
			name = ParsingJSONExercises;
			productName = ParsingJSONExercises;
			productReference = 817C227C1FBB999B0073E87D /* ParsingJSONExercises.app */;
			productType = "com.apple.product-type.application";
		};
		817C228F1FBB999B0073E87D /* ParsingJSONExercisesTests */ = {
			isa = PBXNativeTarget;
			buildConfigurationList = 817C22A71FBB999B0073E87D /* Build configuration list for PBXNativeTarget "ParsingJSONExercisesTests" */;
			buildPhases = (
				817C228C1FBB999B0073E87D /* Sources */,
				817C228D1FBB999B0073E87D /* Frameworks */,
				817C228E1FBB999B0073E87D /* Resources */,
			);
			buildRules = (
			);
			dependencies = (
				817C22921FBB999B0073E87D /* PBXTargetDependency */,
			);
			name = ParsingJSONExercisesTests;
			productName = ParsingJSONExercisesTests;
			productReference = 817C22901FBB999B0073E87D /* ParsingJSONExercisesTests.xctest */;
			productType = "com.apple.product-type.bundle.unit-test";
		};
		817C229A1FBB999B0073E87D /* ParsingJSONExercisesUITests */ = {
			isa = PBXNativeTarget;
			buildConfigurationList = 817C22AA1FBB999B0073E87D /* Build configuration list for PBXNativeTarget "ParsingJSONExercisesUITests" */;
			buildPhases = (
				817C22971FBB999B0073E87D /* Sources */,
				817C22981FBB999B0073E87D /* Frameworks */,
				817C22991FBB999B0073E87D /* Resources */,
			);
			buildRules = (
			);
			dependencies = (
				817C229D1FBB999B0073E87D /* PBXTargetDependency */,
			);
			name = ParsingJSONExercisesUITests;
			productName = ParsingJSONExercisesUITests;
			productReference = 817C229B1FBB999B0073E87D /* ParsingJSONExercisesUITests.xctest */;
			productType = "com.apple.product-type.bundle.ui-testing";
		};
/* End PBXNativeTarget section */

/* Begin PBXProject section */
		817C22741FBB999B0073E87D /* Project object */ = {
			isa = PBXProject;
			attributes = {
				LastSwiftUpdateCheck = 0910;
				LastUpgradeCheck = 0910;
				ORGANIZATIONNAME = C4Q;
				TargetAttributes = {
					817C227B1FBB999B0073E87D = {
						CreatedOnToolsVersion = 9.1;
						ProvisioningStyle = Automatic;
					};
					817C228F1FBB999B0073E87D = {
						CreatedOnToolsVersion = 9.1;
						ProvisioningStyle = Automatic;
						TestTargetID = 817C227B1FBB999B0073E87D;
					};
					817C229A1FBB999B0073E87D = {
						CreatedOnToolsVersion = 9.1;
						ProvisioningStyle = Automatic;
						TestTargetID = 817C227B1FBB999B0073E87D;
					};
				};
			};
			buildConfigurationList = 817C22771FBB999B0073E87D /* Build configuration list for PBXProject "ParsingJSONExercises" */;
			compatibilityVersion = "Xcode 8.0";
			developmentRegion = en;
			hasScannedForEncodings = 0;
			knownRegions = (
				en,
				Base,
			);
			mainGroup = 817C22731FBB999B0073E87D;
			productRefGroup = 817C227D1FBB999B0073E87D /* Products */;
			projectDirPath = "";
			projectRoot = "";
			targets = (
				817C227B1FBB999B0073E87D /* ParsingJSONExercises */,
				817C228F1FBB999B0073E87D /* ParsingJSONExercisesTests */,
				817C229A1FBB999B0073E87D /* ParsingJSONExercisesUITests */,
			);
		};
/* End PBXProject section */

/* Begin PBXResourcesBuildPhase section */
		817C227A1FBB999B0073E87D /* Resources */ = {
			isa = PBXResourcesBuildPhase;
			buildActionMask = 2147483647;
			files = (
				817C22B71FBB9A8A0073E87D /* icefire.json in Resources */,
				817C228A1FBB999B0073E87D /* LaunchScreen.storyboard in Resources */,
				817C22871FBB999B0073E87D /* Assets.xcassets in Resources */,
				817C22B91FBB9ACE0073E87D /* billboard.json in Resources */,
				817C22B51FBB9A690073E87D /* news.json in Resources */,
				817C22851FBB999B0073E87D /* Main.storyboard in Resources */,
			);
			runOnlyForDeploymentPostprocessing = 0;
		};
		817C228E1FBB999B0073E87D /* Resources */ = {
			isa = PBXResourcesBuildPhase;
			buildActionMask = 2147483647;
			files = (
			);
			runOnlyForDeploymentPostprocessing = 0;
		};
		817C22991FBB999B0073E87D /* Resources */ = {
			isa = PBXResourcesBuildPhase;
			buildActionMask = 2147483647;
			files = (
			);
			runOnlyForDeploymentPostprocessing = 0;
		};
/* End PBXResourcesBuildPhase section */

/* Begin PBXSourcesBuildPhase section */
		817C22781FBB999B0073E87D /* Sources */ = {
			isa = PBXSourcesBuildPhase;
			buildActionMask = 2147483647;
			files = (
				817C22BF1FBB9B410073E87D /* IceFireViewController.swift in Sources */,
				817C22BD1FBB9B320073E87D /* BillboardViewController.swift in Sources */,
				817C22C11FBB9B4D0073E87D /* NewsViewController.swift in Sources */,
				817C22801FBB999B0073E87D /* AppDelegate.swift in Sources */,
				817C22C31FBB9D4A0073E87D /* Billboard.swift in Sources */,
			);
			runOnlyForDeploymentPostprocessing = 0;
		};
		817C228C1FBB999B0073E87D /* Sources */ = {
			isa = PBXSourcesBuildPhase;
			buildActionMask = 2147483647;
			files = (
				817C22951FBB999B0073E87D /* ParsingJSONExercisesTests.swift in Sources */,
			);
			runOnlyForDeploymentPostprocessing = 0;
		};
		817C22971FBB999B0073E87D /* Sources */ = {
			isa = PBXSourcesBuildPhase;
			buildActionMask = 2147483647;
			files = (
				817C22A01FBB999B0073E87D /* ParsingJSONExercisesUITests.swift in Sources */,
			);
			runOnlyForDeploymentPostprocessing = 0;
		};
/* End PBXSourcesBuildPhase section */

/* Begin PBXTargetDependency section */
		817C22921FBB999B0073E87D /* PBXTargetDependency */ = {
			isa = PBXTargetDependency;
			target = 817C227B1FBB999B0073E87D /* ParsingJSONExercises */;
			targetProxy = 817C22911FBB999B0073E87D /* PBXContainerItemProxy */;
		};
		817C229D1FBB999B0073E87D /* PBXTargetDependency */ = {
			isa = PBXTargetDependency;
			target = 817C227B1FBB999B0073E87D /* ParsingJSONExercises */;
			targetProxy = 817C229C1FBB999B0073E87D /* PBXContainerItemProxy */;
		};
/* End PBXTargetDependency section */

/* Begin PBXVariantGroup section */
		817C22831FBB999B0073E87D /* Main.storyboard */ = {
			isa = PBXVariantGroup;
			children = (
				817C22841FBB999B0073E87D /* Base */,
			);
			name = Main.storyboard;
			sourceTree = "<group>";
		};
		817C22881FBB999B0073E87D /* LaunchScreen.storyboard */ = {
			isa = PBXVariantGroup;
			children = (
				817C22891FBB999B0073E87D /* Base */,
			);
			name = LaunchScreen.storyboard;
			sourceTree = "<group>";
		};
/* End PBXVariantGroup section */

/* Begin XCBuildConfiguration section */
		817C22A21FBB999B0073E87D /* Debug */ = {
			isa = XCBuildConfiguration;
			buildSettings = {
				ALWAYS_SEARCH_USER_PATHS = NO;
				CLANG_ANALYZER_NONNULL = YES;
				CLANG_ANALYZER_NUMBER_OBJECT_CONVERSION = YES_AGGRESSIVE;
				CLANG_CXX_LANGUAGE_STANDARD = "gnu++14";
				CLANG_CXX_LIBRARY = "libc++";
				CLANG_ENABLE_MODULES = YES;
				CLANG_ENABLE_OBJC_ARC = YES;
				CLANG_WARN_BLOCK_CAPTURE_AUTORELEASING = YES;
				CLANG_WARN_BOOL_CONVERSION = YES;
				CLANG_WARN_COMMA = YES;
				CLANG_WARN_CONSTANT_CONVERSION = YES;
				CLANG_WARN_DIRECT_OBJC_ISA_USAGE = YES_ERROR;
				CLANG_WARN_DOCUMENTATION_COMMENTS = YES;
				CLANG_WARN_EMPTY_BODY = YES;
				CLANG_WARN_ENUM_CONVERSION = YES;
				CLANG_WARN_INFINITE_RECURSION = YES;
				CLANG_WARN_INT_CONVERSION = YES;
				CLANG_WARN_NON_LITERAL_NULL_CONVERSION = YES;
				CLANG_WARN_OBJC_LITERAL_CONVERSION = YES;
				CLANG_WARN_OBJC_ROOT_CLASS = YES_ERROR;
				CLANG_WARN_RANGE_LOOP_ANALYSIS = YES;
				CLANG_WARN_STRICT_PROTOTYPES = YES;
				CLANG_WARN_SUSPICIOUS_MOVE = YES;
				CLANG_WARN_UNGUARDED_AVAILABILITY = YES_AGGRESSIVE;
				CLANG_WARN_UNREACHABLE_CODE = YES;
				CLANG_WARN__DUPLICATE_METHOD_MATCH = YES;
				CODE_SIGN_IDENTITY = "iPhone Developer";
				COPY_PHASE_STRIP = NO;
				DEBUG_INFORMATION_FORMAT = dwarf;
				ENABLE_STRICT_OBJC_MSGSEND = YES;
				ENABLE_TESTABILITY = YES;
				GCC_C_LANGUAGE_STANDARD = gnu11;
				GCC_DYNAMIC_NO_PIC = NO;
				GCC_NO_COMMON_BLOCKS = YES;
				GCC_OPTIMIZATION_LEVEL = 0;
				GCC_PREPROCESSOR_DEFINITIONS = (
					"DEBUG=1",
					"$(inherited)",
				);
				GCC_WARN_64_TO_32_BIT_CONVERSION = YES;
				GCC_WARN_ABOUT_RETURN_TYPE = YES_ERROR;
				GCC_WARN_UNDECLARED_SELECTOR = YES;
				GCC_WARN_UNINITIALIZED_AUTOS = YES_AGGRESSIVE;
				GCC_WARN_UNUSED_FUNCTION = YES;
				GCC_WARN_UNUSED_VARIABLE = YES;
				IPHONEOS_DEPLOYMENT_TARGET = 11.1;
				MTL_ENABLE_DEBUG_INFO = YES;
				ONLY_ACTIVE_ARCH = YES;
				SDKROOT = iphoneos;
				SWIFT_ACTIVE_COMPILATION_CONDITIONS = DEBUG;
				SWIFT_OPTIMIZATION_LEVEL = "-Onone";
			};
			name = Debug;
		};
		817C22A31FBB999B0073E87D /* Release */ = {
			isa = XCBuildConfiguration;
			buildSettings = {
				ALWAYS_SEARCH_USER_PATHS = NO;
				CLANG_ANALYZER_NONNULL = YES;
				CLANG_ANALYZER_NUMBER_OBJECT_CONVERSION = YES_AGGRESSIVE;
				CLANG_CXX_LANGUAGE_STANDARD = "gnu++14";
				CLANG_CXX_LIBRARY = "libc++";
				CLANG_ENABLE_MODULES = YES;
				CLANG_ENABLE_OBJC_ARC = YES;
				CLANG_WARN_BLOCK_CAPTURE_AUTORELEASING = YES;
				CLANG_WARN_BOOL_CONVERSION = YES;
				CLANG_WARN_COMMA = YES;
				CLANG_WARN_CONSTANT_CONVERSION = YES;
				CLANG_WARN_DIRECT_OBJC_ISA_USAGE = YES_ERROR;
				CLANG_WARN_DOCUMENTATION_COMMENTS = YES;
				CLANG_WARN_EMPTY_BODY = YES;
				CLANG_WARN_ENUM_CONVERSION = YES;
				CLANG_WARN_INFINITE_RECURSION = YES;
				CLANG_WARN_INT_CONVERSION = YES;
				CLANG_WARN_NON_LITERAL_NULL_CONVERSION = YES;
				CLANG_WARN_OBJC_LITERAL_CONVERSION = YES;
				CLANG_WARN_OBJC_ROOT_CLASS = YES_ERROR;
				CLANG_WARN_RANGE_LOOP_ANALYSIS = YES;
				CLANG_WARN_STRICT_PROTOTYPES = YES;
				CLANG_WARN_SUSPICIOUS_MOVE = YES;
				CLANG_WARN_UNGUARDED_AVAILABILITY = YES_AGGRESSIVE;
				CLANG_WARN_UNREACHABLE_CODE = YES;
				CLANG_WARN__DUPLICATE_METHOD_MATCH = YES;
				CODE_SIGN_IDENTITY = "iPhone Developer";
				COPY_PHASE_STRIP = NO;
				DEBUG_INFORMATION_FORMAT = "dwarf-with-dsym";
				ENABLE_NS_ASSERTIONS = NO;
				ENABLE_STRICT_OBJC_MSGSEND = YES;
				GCC_C_LANGUAGE_STANDARD = gnu11;
				GCC_NO_COMMON_BLOCKS = YES;
				GCC_WARN_64_TO_32_BIT_CONVERSION = YES;
				GCC_WARN_ABOUT_RETURN_TYPE = YES_ERROR;
				GCC_WARN_UNDECLARED_SELECTOR = YES;
				GCC_WARN_UNINITIALIZED_AUTOS = YES_AGGRESSIVE;
				GCC_WARN_UNUSED_FUNCTION = YES;
				GCC_WARN_UNUSED_VARIABLE = YES;
				IPHONEOS_DEPLOYMENT_TARGET = 11.1;
				MTL_ENABLE_DEBUG_INFO = NO;
				SDKROOT = iphoneos;
				SWIFT_OPTIMIZATION_LEVEL = "-Owholemodule";
				VALIDATE_PRODUCT = YES;
			};
			name = Release;
		};
		817C22A51FBB999B0073E87D /* Debug */ = {
			isa = XCBuildConfiguration;
			buildSettings = {
				ASSETCATALOG_COMPILER_APPICON_NAME = AppIcon;
				CODE_SIGN_STYLE = Automatic;
				INFOPLIST_FILE = ParsingJSONExercises/Info.plist;
				LD_RUNPATH_SEARCH_PATHS = "$(inherited) @executable_path/Frameworks";
				PRODUCT_BUNDLE_IDENTIFIER = ac.c4q.nyc.ParsingJSONExercises;
				PRODUCT_NAME = "$(TARGET_NAME)";
				SWIFT_VERSION = 4.0;
				TARGETED_DEVICE_FAMILY = "1,2";
			};
			name = Debug;
		};
		817C22A61FBB999B0073E87D /* Release */ = {
			isa = XCBuildConfiguration;
			buildSettings = {
				ASSETCATALOG_COMPILER_APPICON_NAME = AppIcon;
				CODE_SIGN_STYLE = Automatic;
				INFOPLIST_FILE = ParsingJSONExercises/Info.plist;
				LD_RUNPATH_SEARCH_PATHS = "$(inherited) @executable_path/Frameworks";
				PRODUCT_BUNDLE_IDENTIFIER = ac.c4q.nyc.ParsingJSONExercises;
				PRODUCT_NAME = "$(TARGET_NAME)";
				SWIFT_VERSION = 4.0;
				TARGETED_DEVICE_FAMILY = "1,2";
			};
			name = Release;
		};
		817C22A81FBB999B0073E87D /* Debug */ = {
			isa = XCBuildConfiguration;
			buildSettings = {
				ALWAYS_EMBED_SWIFT_STANDARD_LIBRARIES = YES;
				BUNDLE_LOADER = "$(TEST_HOST)";
				CODE_SIGN_STYLE = Automatic;
				INFOPLIST_FILE = ParsingJSONExercisesTests/Info.plist;
				LD_RUNPATH_SEARCH_PATHS = "$(inherited) @executable_path/Frameworks @loader_path/Frameworks";
				PRODUCT_BUNDLE_IDENTIFIER = ac.c4q.nyc.ParsingJSONExercisesTests;
				PRODUCT_NAME = "$(TARGET_NAME)";
				SWIFT_VERSION = 4.0;
				TARGETED_DEVICE_FAMILY = "1,2";
				TEST_HOST = "$(BUILT_PRODUCTS_DIR)/ParsingJSONExercises.app/ParsingJSONExercises";
			};
			name = Debug;
		};
		817C22A91FBB999B0073E87D /* Release */ = {
			isa = XCBuildConfiguration;
			buildSettings = {
				ALWAYS_EMBED_SWIFT_STANDARD_LIBRARIES = YES;
				BUNDLE_LOADER = "$(TEST_HOST)";
				CODE_SIGN_STYLE = Automatic;
				INFOPLIST_FILE = ParsingJSONExercisesTests/Info.plist;
				LD_RUNPATH_SEARCH_PATHS = "$(inherited) @executable_path/Frameworks @loader_path/Frameworks";
				PRODUCT_BUNDLE_IDENTIFIER = ac.c4q.nyc.ParsingJSONExercisesTests;
				PRODUCT_NAME = "$(TARGET_NAME)";
				SWIFT_VERSION = 4.0;
				TARGETED_DEVICE_FAMILY = "1,2";
				TEST_HOST = "$(BUILT_PRODUCTS_DIR)/ParsingJSONExercises.app/ParsingJSONExercises";
			};
			name = Release;
		};
		817C22AB1FBB999B0073E87D /* Debug */ = {
			isa = XCBuildConfiguration;
			buildSettings = {
				ALWAYS_EMBED_SWIFT_STANDARD_LIBRARIES = YES;
				CODE_SIGN_STYLE = Automatic;
				INFOPLIST_FILE = ParsingJSONExercisesUITests/Info.plist;
				LD_RUNPATH_SEARCH_PATHS = "$(inherited) @executable_path/Frameworks @loader_path/Frameworks";
				PRODUCT_BUNDLE_IDENTIFIER = ac.c4q.nyc.ParsingJSONExercisesUITests;
				PRODUCT_NAME = "$(TARGET_NAME)";
				SWIFT_VERSION = 4.0;
				TARGETED_DEVICE_FAMILY = "1,2";
				TEST_TARGET_NAME = ParsingJSONExercises;
			};
			name = Debug;
		};
		817C22AC1FBB999B0073E87D /* Release */ = {
			isa = XCBuildConfiguration;
			buildSettings = {
				ALWAYS_EMBED_SWIFT_STANDARD_LIBRARIES = YES;
				CODE_SIGN_STYLE = Automatic;
				INFOPLIST_FILE = ParsingJSONExercisesUITests/Info.plist;
				LD_RUNPATH_SEARCH_PATHS = "$(inherited) @executable_path/Frameworks @loader_path/Frameworks";
				PRODUCT_BUNDLE_IDENTIFIER = ac.c4q.nyc.ParsingJSONExercisesUITests;
				PRODUCT_NAME = "$(TARGET_NAME)";
				SWIFT_VERSION = 4.0;
				TARGETED_DEVICE_FAMILY = "1,2";
				TEST_TARGET_NAME = ParsingJSONExercises;
			};
			name = Release;
		};
/* End XCBuildConfiguration section */

/* Begin XCConfigurationList section */
		817C22771FBB999B0073E87D /* Build configuration list for PBXProject "ParsingJSONExercises" */ = {
			isa = XCConfigurationList;
			buildConfigurations = (
				817C22A21FBB999B0073E87D /* Debug */,
				817C22A31FBB999B0073E87D /* Release */,
			);
			defaultConfigurationIsVisible = 0;
			defaultConfigurationName = Release;
		};
		817C22A41FBB999B0073E87D /* Build configuration list for PBXNativeTarget "ParsingJSONExercises" */ = {
			isa = XCConfigurationList;
			buildConfigurations = (
				817C22A51FBB999B0073E87D /* Debug */,
				817C22A61FBB999B0073E87D /* Release */,
			);
			defaultConfigurationIsVisible = 0;
			defaultConfigurationName = Release;
		};
		817C22A71FBB999B0073E87D /* Build configuration list for PBXNativeTarget "ParsingJSONExercisesTests" */ = {
			isa = XCConfigurationList;
			buildConfigurations = (
				817C22A81FBB999B0073E87D /* Debug */,
				817C22A91FBB999B0073E87D /* Release */,
			);
			defaultConfigurationIsVisible = 0;
			defaultConfigurationName = Release;
		};
		817C22AA1FBB999B0073E87D /* Build configuration list for PBXNativeTarget "ParsingJSONExercisesUITests" */ = {
			isa = XCConfigurationList;
			buildConfigurations = (
				817C22AB1FBB999B0073E87D /* Debug */,
				817C22AC1FBB999B0073E87D /* Release */,
			);
			defaultConfigurationIsVisible = 0;
			defaultConfigurationName = Release;
		};
/* End XCConfigurationList section */
	};
	rootObject = 817C22741FBB999B0073E87D /* Project object */;
}
